
Microsoft Visual Studio Solution File, Format Version 12.00
# Visual Studio Version 17
VisualStudioVersion = 17.14.36511.14 d17.14
MinimumVisualStudioVersion = 10.0.40219.1
Project("{FAE04EC0-301F-11D3-BF4B-00C04F79EFBC}") = "EshopAPI", "EshopAPI.csproj", "{BB1157F2-EA87-4F77-B94C-90341D144117}"
EndProject
Global
	GlobalSection(SolutionConfigurationPlatforms) = preSolution
		Debug|Any CPU = Debug|Any CPU
		Release|Any CPU = Release|Any CPU
	EndGlobalSection
	GlobalSection(ProjectConfigurationPlatforms) = postSolution
		{BB1157F2-EA87-4F77-B94C-90341D144117}.Debug|Any CPU.ActiveCfg = Debug|Any CPU
		{BB1157F2-EA87-4F77-B94C-90341D144117}.Debug|Any CPU.Build.0 = Debug|Any CPU
		{BB1157F2-EA87-4F77-B94C-90341D144117}.Release|Any CPU.ActiveCfg = Release|Any CPU
		{BB1157F2-EA87-4F77-B94C-90341D144117}.Release|Any CPU.Build.0 = Release|Any CPU
	EndGlobalSection
	GlobalSection(SolutionProperties) = preSolution
		HideSolutionNode = FALSE
	EndGlobalSection
	GlobalSection(ExtensibilityGlobals) = postSolution
		SolutionGuid = {C30D8F9B-413F-4FEC-B9E8-EF37A771D4C7}
	EndGlobalSection
EndGlobal
